// !$*UTF8*$!
{
	archiveVersion = 1;
	classes = {
	};
	objectVersion = 56;
	objects = {

/* Begin PBXBuildFile section */
		2B00000000000000000000C1 /* WisdomUIDemoApp.swift in Sources */ = {isa = PBXBuildFile; fileRef = 2B00000000000000000000F3 /* WisdomUIDemoApp.swift */; };
		2B00000000000000000000C2 /* ContentView.swift in Sources */ = {isa = PBXBuildFile; fileRef = 2B00000000000000000000F4 /* ContentView.swift */; };
		2B00000000000000000000C3 /* WisdomUIDemoUITests.swift in Sources */ = {isa = PBXBuildFile; fileRef = 2B00000000000000000000F5 /* WisdomUIDemoUITests.swift */; };
		2B00000000000000000000B1 /* WisdomUI in Frameworks */ = {isa = PBXBuildFile; productRef = 2B000000000000000000001E /* WisdomUI */; };
/* End PBXBuildFile section */

/* Begin PBXContainerItemProxy section */
		2B0000000000000000000012 /* PBXContainerItemProxy */ = {
			isa = PBXContainerItemProxy;
			containerPortal = 2B0000000000000000000001 /* Project object */;
			proxyType = 1;
			remoteGlobalIDString = 2B0000000000000000000004;
			remoteInfo = WisdomUIDemo;
		};
/* End PBXContainerItemProxy section */

/* Begin PBXFileReference section */
		2B0000000000000000000005 /* WisdomUIDemo.app */ = {isa = PBXFileReference; explicitFileType = wrapper.application; includeInIndex = 0; path = WisdomUIDemo.app; sourceTree = BUILT_PRODUCTS_DIR; };
		2B0000000000000000000006 /* WisdomUIDemoUITests.xctest */ = {isa = PBXFileReference; explicitFileType = wrapper.cfbundle; includeInIndex = 0; path = WisdomUIDemoUITests.xctest; sourceTree = BUILT_PRODUCTS_DIR; };
		2B00000000000000000000F3 /* WisdomUIDemoApp.swift */ = {isa = PBXFileReference; lastKnownFileType = sourcecode.swift; path = WisdomUIDemoApp.swift; sourceTree = "<group>"; };
		2B00000000000000000000F4 /* ContentView.swift */ = {isa = PBXFileReference; lastKnownFileType = sourcecode.swift; path = ContentView.swift; sourceTree = "<group>"; };
		2B00000000000000000000F5 /* WisdomUIDemoUITests.swift */ = {isa = PBXFileReference; lastKnownFileType = sourcecode.swift; path = WisdomUIDemoUITests.swift; sourceTree = "<group>"; };
		2B00000000000000000000F6 /* Demo.xcconfig */ = {isa = PBXFileReference; lastKnownFileType = text.xcconfig; path = Demo.xcconfig; sourceTree = "<group>"; };
/* End PBXFileReference section */

/* Begin PBXFrameworksBuildPhase section */
		2B0000000000000000000010 /* Frameworks */ = {
			isa = PBXFrameworksBuildPhase;
			buildActionMask = 2147483647;
			files = (
				2B00000000000000000000B1 /* WisdomUI in Frameworks */,
			);
			runOnlyForDeploymentPostprocessing = 0;
		};
		2B0000000000000000000011 /* Frameworks */ = {
			isa = PBXFrameworksBuildPhase;
			buildActionMask = 2147483647;
			files = (
			);
			runOnlyForDeploymentPostprocessing = 0;
		};
/* End PBXFrameworksBuildPhase section */

/* Begin PBXGroup section */
		2B0000000000000000000002 = {
			isa = PBXGroup;
			children = (
				2B0000000000000000000007 /* WisdomUIDemo */,
				2B0000000000000000000008 /* WisdomUIDemoUITests */,
				2B0000000000000000000009 /* Config */,
				2B0000000000000000000003 /* Products */,
			);
			sourceTree = "<group>";
		};
		2B0000000000000000000003 /* Products */ = {
			isa = PBXGroup;
			children = (
				2B0000000000000000000005 /* WisdomUIDemo.app */,
				2B0000000000000000000006 /* WisdomUIDemoUITests.xctest */,
			);
			name = Products;
			sourceTree = "<group>";
		};
		2B0000000000000000000007 /* WisdomUIDemo */ = {
			isa = PBXGroup;
			children = (
				2B00000000000000000000F3 /* WisdomUIDemoApp.swift */,
				2B00000000000000000000F4 /* ContentView.swift */,
			);
			path = WisdomUIDemo;
			sourceTree = "<group>";
		};
		2B0000000000000000000008 /* WisdomUIDemoUITests */ = {
			isa = PBXGroup;
			children = (
				2B00000000000000000000F5 /* WisdomUIDemoUITests.swift */,
			);
			path = WisdomUIDemoUITests;
			sourceTree = "<group>";
		};
		2B0000000000000000000009 /* Config */ = {
			isa = PBXGroup;
			children = (
				2B00000000000000000000F6 /* Demo.xcconfig */,
			);
			path = Config;
			sourceTree = "<group>";
		};
/* End PBXGroup section */

/* Begin PBXNativeTarget section */
		2B0000000000000000000004 /* WisdomUIDemo */ = {
			isa = PBXNativeTarget;
			buildConfigurationList = 2B000000000000000000001B /* Build configuration list for PBXNativeTarget "WisdomUIDemo" */;
			buildPhases = (
				2B000000000000000000000B /* Sources */,
				2B0000000000000000000010 /* Frameworks */,
				2B000000000000000000000E /* Resources */,
			);
			buildRules = (
			);
			dependencies = (
			);
			name = WisdomUIDemo;
			packageProductDependencies = (
				2B000000000000000000001E /* WisdomUI */,
			);
			productName = WisdomUIDemo;
			productReference = 2B0000000000000000000005 /* WisdomUIDemo.app */;
			productType = "com.apple.product-type.application";
		};
		2B000000000000000000000A /* WisdomUIDemoUITests */ = {
			isa = PBXNativeTarget;
			buildConfigurationList = 2B000000000000000000001C /* Build configuration list for PBXNativeTarget "WisdomUIDemoUITests" */;
			buildPhases = (
				2B000000000000000000000D /* Sources */,
				2B0000000000000000000011 /* Frameworks */,
				2B000000000000000000000F /* Resources */,
			);
			buildRules = (
			);
			dependencies = (
				2B0000000000000000000013 /* PBXTargetDependency */,
			);
			name = WisdomUIDemoUITests;
			productName = WisdomUIDemoUITests;
			productReference = 2B0000000000000000000006 /* WisdomUIDemoUITests.xctest */;
			productType = "com.apple.product-type.bundle.ui-testing";
		};
/* End PBXNativeTarget section */

/* Begin PBXProject section */
		2B0000000000000000000001 /* Project object */ = {
			isa = PBXProject;
			attributes = {
				BuildIndependentTargetsInParallel = 1;
				LastSwiftUpdateCheck = 2600;
				LastUpgradeCheck = 2600;
				TargetAttributes = {
					2B0000000000000000000004 = {
						CreatedOnToolsVersion = 26.0;
					};
					2B000000000000000000000A = {
						CreatedOnToolsVersion = 26.0;
						TestTargetID = 2B0000000000000000000004;
					};
				};
			};
			buildConfigurationList = 2B000000000000000000001A /* Build configuration list for PBXProject "WisdomUIDemo" */;
			compatibilityVersion = "Xcode 14.0";
			developmentRegion = en;
			hasScannedForEncodings = 0;
			knownRegions = (
				en,
				Base,
			);
			mainGroup = 2B0000000000000000000002;
			packageReferences = (
				2B000000000000000000001D /* XCLocalSwiftPackageReference "../.." */,
			);
			productRefGroup = 2B0000000000000000000003 /* Products */;
			projectDirPath = "";
			projectRoot = "";
			targets = (
				2B0000000000000000000004 /* WisdomUIDemo */,
				2B000000000000000000000A /* WisdomUIDemoUITests */,
			);
		};
/* End PBXProject section */

/* Begin PBXResourcesBuildPhase section */
		2B000000000000000000000E /* Resources */ = {
			isa = PBXResourcesBuildPhase;
			buildActionMask = 2147483647;
			files = (
			);
			runOnlyForDeploymentPostprocessing = 0;
		};
		2B000000000000000000000F /* Resources */ = {
			isa = PBXResourcesBuildPhase;
			buildActionMask = 2147483647;
			files = (
			);
			runOnlyForDeploymentPostprocessing = 0;
		};
/* End PBXResourcesBuildPhase section */

/* Begin PBXSourcesBuildPhase section */
		2B000000000000000000000B /* Sources */ = {
			isa = PBXSourcesBuildPhase;
			buildActionMask = 2147483647;
			files = (
				2B00000000000000000000C1 /* WisdomUIDemoApp.swift in Sources */,
				2B00000000000000000000C2 /* ContentView.swift in Sources */,
			);
			runOnlyForDeploymentPostprocessing = 0;
		};
		2B000000000000000000000D /* Sources */ = {
			isa = PBXSourcesBuildPhase;
			buildActionMask = 2147483647;
			files = (
				2B00000000000000000000C3 /* WisdomUIDemoUITests.swift in Sources */,
			);
			runOnlyForDeploymentPostprocessing = 0;
		};
/* End PBXSourcesBuildPhase section */

/* Begin PBXTargetDependency section */
		2B0000000000000000000013 /* PBXTargetDependency */ = {
			isa = PBXTargetDependency;
			target = 2B0000000000000000000004 /* WisdomUIDemo */;
			targetProxy = 2B0000000000000000000012 /* PBXContainerItemProxy */;
		};
/* End PBXTargetDependency section */

/* Begin XCBuildConfiguration section */
		2B0000000000000000000014 /* Debug */ = {
			isa = XCBuildConfiguration;
			buildSettings = {
				ALWAYS_SEARCH_USER_PATHS = NO;
				CLANG_ENABLE_MODULES = YES;
				CLANG_ENABLE_OBJC_ARC = YES;
				COPY_PHASE_STRIP = NO;
				DEBUG_INFORMATION_FORMAT = dwarf;
				ENABLE_STRICT_OBJC_MSGSEND = YES;
				ENABLE_TESTABILITY = YES;
				GCC_C_LANGUAGE_STANDARD = gnu17;
				GCC_DYNAMIC_NO_PIC = NO;
				GCC_NO_COMMON_BLOCKS = YES;
				GCC_OPTIMIZATION_LEVEL = 0;
				GCC_PREPROCESSOR_DEFINITIONS = (
					"DEBUG=1",
					"$(inherited)",
				);
				IPHONEOS_DEPLOYMENT_TARGET = 17.0;
				MTL_ENABLE_DEBUG_INFO = INCLUDE_SOURCE;
				MTL_FAST_MATH = YES;
				ONLY_ACTIVE_ARCH = YES;
				SDKROOT = iphoneos;
				SWIFT_ACTIVE_COMPILATION_CONDITIONS = "DEBUG $(inherited)";
				SWIFT_OPTIMIZATION_LEVEL = "-Onone";
			};
			name = Debug;
		};
		2B0000000000000000000015 /* Release */ = {
			isa = XCBuildConfiguration;
			buildSettings = {
				ALWAYS_SEARCH_USER_PATHS = NO;
				CLANG_ENABLE_MODULES = YES;
				CLANG_ENABLE_OBJC_ARC = YES;
				COPY_PHASE_STRIP = NO;
				DEBUG_INFORMATION_FORMAT = "dwarf-with-dsym";
				ENABLE_NS_ASSERTIONS = NO;
				ENABLE_STRICT_OBJC_MSGSEND = YES;
				GCC_C_LANGUAGE_STANDARD = gnu17;
				GCC_NO_COMMON_BLOCKS = YES;
				IPHONEOS_DEPLOYMENT_TARGET = 17.0;
				MTL_ENABLE_DEBUG_INFO = NO;
				MTL_FAST_MATH = YES;
				SDKROOT = iphoneos;
				SWIFT_COMPILATION_MODE = wholemodule;
				VALIDATE_PRODUCT = YES;
			};
			name = Release;
		};
		2B0000000000000000000016 /* Debug */ = {
			isa = XCBuildConfiguration;
			baseConfigurationReference = 2B00000000000000000000F6 /* Demo.xcconfig */;
			buildSettings = {
				ASSETCATALOG_COMPILER_GENERATE_SWIFT_ASSET_SYMBOL_EXTENSIONS = YES;
				CODE_SIGN_STYLE = Automatic;
				CURRENT_PROJECT_VERSION = 1;
				DEVELOPMENT_TEAM = "$(WD_DEMO_TEAM)";
				ENABLE_PREVIEWS = YES;
				GENERATE_INFOPLIST_FILE = YES;
				INFOPLIST_KEY_UIApplicationSceneManifest_Generation = YES;
				INFOPLIST_KEY_UILaunchScreen_Generation = YES;
				INFOPLIST_KEY_UISupportedInterfaceOrientations = "UIInterfaceOrientationPortrait";
				LD_RUNPATH_SEARCH_PATHS = (
					"$(inherited)",
					"@executable_path/Frameworks",
				);
				MARKETING_VERSION = 1.0;
				PRODUCT_BUNDLE_IDENTIFIER = "$(WD_DEMO_BUNDLE_ID)";
				PRODUCT_NAME = "$(TARGET_NAME)";
				SWIFT_EMIT_LOC_STRINGS = YES;
				SWIFT_VERSION = 6.0;
				TARGETED_DEVICE_FAMILY = "1,2";
			};
			name = Debug;
		};
		2B0000000000000000000017 /* Release */ = {
			isa = XCBuildConfiguration;
			baseConfigurationReference = 2B00000000000000000000F6 /* Demo.xcconfig */;
			buildSettings = {
				ASSETCATALOG_COMPILER_GENERATE_SWIFT_ASSET_SYMBOL_EXTENSIONS = YES;
				CODE_SIGN_STYLE = Automatic;
				CURRENT_PROJECT_VERSION = 1;
				DEVELOPMENT_TEAM = "$(WD_DEMO_TEAM)";
				ENABLE_PREVIEWS = YES;
				GENERATE_INFOPLIST_FILE = YES;
				INFOPLIST_KEY_UIApplicationSceneManifest_Generation = YES;
				INFOPLIST_KEY_UILaunchScreen_Generation = YES;
				INFOPLIST_KEY_UISupportedInterfaceOrientations = "UIInterfaceOrientationPortrait";
				LD_RUNPATH_SEARCH_PATHS = (
					"$(inherited)",
					"@executable_path/Frameworks",
				);
				MARKETING_VERSION = 1.0;
				PRODUCT_BUNDLE_IDENTIFIER = "$(WD_DEMO_BUNDLE_ID)";
				PRODUCT_NAME = "$(TARGET_NAME)";
				SWIFT_EMIT_LOC_STRINGS = YES;
				SWIFT_VERSION = 6.0;
				TARGETED_DEVICE_FAMILY = "1,2";
			};
			name = Release;
		};
		2B0000000000000000000018 /* Debug */ = {
			isa = XCBuildConfiguration;
			baseConfigurationReference = 2B00000000000000000000F6 /* Demo.xcconfig */;
			buildSettings = {
				CODE_SIGN_STYLE = Automatic;
				CURRENT_PROJECT_VERSION = 1;
				DEVELOPMENT_TEAM = "$(WD_DEMO_TEAM)";
				GENERATE_INFOPLIST_FILE = YES;
				MARKETING_VERSION = 1.0;
				PRODUCT_BUNDLE_IDENTIFIER = "$(WD_DEMO_BUNDLE_ID).uitests";
				PRODUCT_NAME = "$(TARGET_NAME)";
				SWIFT_EMIT_LOC_STRINGS = NO;
				SWIFT_VERSION = 6.0;
				TARGETED_DEVICE_FAMILY = "1,2";
				TEST_TARGET_NAME = WisdomUIDemo;
			};
			name = Debug;
		};
		2B0000000000000000000019 /* Release */ = {
			isa = XCBuildConfiguration;
			baseConfigurationReference = 2B00000000000000000000F6 /* Demo.xcconfig */;
			buildSettings = {
				CODE_SIGN_STYLE = Automatic;
				CURRENT_PROJECT_VERSION = 1;
				DEVELOPMENT_TEAM = "$(WD_DEMO_TEAM)";
				GENERATE_INFOPLIST_FILE = YES;
				MARKETING_VERSION = 1.0;
				PRODUCT_BUNDLE_IDENTIFIER = "$(WD_DEMO_BUNDLE_ID).uitests";
				PRODUCT_NAME = "$(TARGET_NAME)";
				SWIFT_EMIT_LOC_STRINGS = NO;
				SWIFT_VERSION = 6.0;
				TARGETED_DEVICE_FAMILY = "1,2";
				TEST_TARGET_NAME = WisdomUIDemo;
			};
			name = Release;
		};
/* End XCBuildConfiguration section */

/* Begin XCConfigurationList section */
		2B000000000000000000001A /* Build configuration list for PBXProject "WisdomUIDemo" */ = {
			isa = XCConfigurationList;
			buildConfigurations = (
				2B0000000000000000000014 /* Debug */,
				2B0000000000000000000015 /* Release */,
			);
			defaultConfigurationIsVisible = 0;
			defaultConfigurationName = Release;
		};
		2B000000000000000000001B /* Build configuration list for PBXNativeTarget "WisdomUIDemo" */ = {
			isa = XCConfigurationList;
			buildConfigurations = (
				2B0000000000000000000016 /* Debug */,
				2B0000000000000000000017 /* Release */,
			);
			defaultConfigurationIsVisible = 0;
			defaultConfigurationName = Release;
		};
		2B000000000000000000001C /* Build configuration list for PBXNativeTarget "WisdomUIDemoUITests" */ = {
			isa = XCConfigurationList;
			buildConfigurations = (
				2B0000000000000000000018 /* Debug */,
				2B0000000000000000000019 /* Release */,
			);
			defaultConfigurationIsVisible = 0;
			defaultConfigurationName = Release;
		};
/* End XCConfigurationList section */

/* Begin XCLocalSwiftPackageReference section */
		2B000000000000000000001D /* XCLocalSwiftPackageReference "../.." */ = {
			isa = XCLocalSwiftPackageReference;
			relativePath = "../..";
		};
/* End XCLocalSwiftPackageReference section */

/* Begin XCSwiftPackageProductDependency section */
		2B000000000000000000001E /* WisdomUI */ = {
			isa = XCSwiftPackageProductDependency;
			productName = WisdomUI;
		};
/* End XCSwiftPackageProductDependency section */
	};
	rootObject = 2B0000000000000000000001 /* Project object */;
}